
Microsoft Visual Studio Solution File, Format Version 12.00
# Visual Studio Version 17
VisualStudioVersion = 17.10.35013.160
MinimumVisualStudioVersion = 10.0.40219.1
Project("{FAE04EC0-301F-11D3-BF4B-00C04F79EFBC}") = "LensTracker.Api", "LensTracker.Api\LensTracker.Api.csproj", "{454F313E-38D4-4B53-9C81-3A85F8F0645D}"
EndProject
Global
	GlobalSection(SolutionConfigurationPlatforms) = preSolution
		Debug|Any CPU = Debug|Any CPU
		Release|Any CPU = Release|Any CPU
	EndGlobalSection
	GlobalSection(ProjectConfigurationPlatforms) = postSolution
		{454F313E-38D4-4B53-9C81-3A85F8F0645D}.Debug|Any CPU.ActiveCfg = Debug|Any CPU
		{454F313E-38D4-4B53-9C81-3A85F8F0645D}.Debug|Any CPU.Build.0 = Debug|Any CPU
		{454F313E-38D4-4B53-9C81-3A85F8F0645D}.Release|Any CPU.ActiveCfg = Release|Any CPU
		{454F313E-38D4-4B53-9C81-3A85F8F0645D}.Release|Any CPU.Build.0 = Release|Any CPU
	EndGlobalSection
	GlobalSection(SolutionProperties) = preSolution
		HideSolutionNode = FALSE
	EndGlobalSection
	GlobalSection(ExtensibilityGlobals) = postSolution
		SolutionGuid = {BF2D3BB7-F6BF-4A89-8D08-CCE706B907E9}
	EndGlobalSection
EndGlobal
